
Microsoft Visual Studio Solution File, Format Version 12.00
# Visual Studio Version 16
VisualStudioVersion = 16.0.31410.357
MinimumVisualStudioVersion = 10.0.40219.1
Project("{FAE04EC0-301F-11D3-BF4B-00C04F79EFBC}") = "ProjectFinal", "ProjectFinal\ProjectFinal.csproj", "{71768CE7-E805-419B-AE13-1D5E23BD3979}"
EndProject
Global
	GlobalSection(SolutionConfigurationPlatforms) = preSolution
		Debug|Any CPU = Debug|Any CPU
		Release|Any CPU = Release|Any CPU
	EndGlobalSection
	GlobalSection(ProjectConfigurationPlatforms) = postSolution
		{71768CE7-E805-419B-AE13-1D5E23BD3979}.Debug|Any CPU.ActiveCfg = Debug|Any CPU
		{71768CE7-E805-419B-AE13-1D5E23BD3979}.Debug|Any CPU.Build.0 = Debug|Any CPU
		{71768CE7-E805-419B-AE13-1D5E23BD3979}.Release|Any CPU.ActiveCfg = Release|Any CPU
		{71768CE7-E805-419B-AE13-1D5E23BD3979}.Release|Any CPU.Build.0 = Release|Any CPU
	EndGlobalSection
	GlobalSection(SolutionProperties) = preSolution
		HideSolutionNode = FALSE
	EndGlobalSection
	GlobalSection(ExtensibilityGlobals) = postSolution
		SolutionGuid = {5A8E0414-F0C6-4385-8040-6A6C4E164C76}
	EndGlobalSection
EndGlobal
